
Microsoft Visual Studio Solution File, Format Version 12.00
# Visual Studio Version 16
VisualStudioVersion = 16.0.30503.244
MinimumVisualStudioVersion = 10.0.40219.1
Project("{9A19103F-16F7-4668-BE54-9A1E7A4F7556}") = "HessatecSiteQnA", "HessatecSiteQnA\HessatecSiteQnA.csproj", "{A3243FB4-07F5-4F0E-8973-8E5C259B1D21}"
EndProject
Global
	GlobalSection(SolutionConfigurationPlatforms) = preSolution
		Debug|Any CPU = Debug|Any CPU
		Release|Any CPU = Release|Any CPU
	EndGlobalSection
	GlobalSection(ProjectConfigurationPlatforms) = postSolution
		{A3243FB4-07F5-4F0E-8973-8E5C259B1D21}.Debug|Any CPU.ActiveCfg = Debug|Any CPU
		{A3243FB4-07F5-4F0E-8973-8E5C259B1D21}.Debug|Any CPU.Build.0 = Debug|Any CPU
		{A3243FB4-07F5-4F0E-8973-8E5C259B1D21}.Release|Any CPU.ActiveCfg = Release|Any CPU
		{A3243FB4-07F5-4F0E-8973-8E5C259B1D21}.Release|Any CPU.Build.0 = Release|Any CPU
	EndGlobalSection
	GlobalSection(SolutionProperties) = preSolution
		HideSolutionNode = FALSE
	EndGlobalSection
	GlobalSection(ExtensibilityGlobals) = postSolution
		SolutionGuid = {C18B11F8-3BFB-46AE-A06D-64A5C0BC069E}
	EndGlobalSection
EndGlobal
